
Microsoft Visual Studio Solution File, Format Version 12.00
# Visual Studio Version 17
VisualStudioVersion = 17.1.32210.238
MinimumVisualStudioVersion = 10.0.40219.1
Project("{9A19103F-16F7-4668-BE54-9A1E7A4F7556}") = "Enum.Bug.Npgsql.6", "Enum.Bug.Npgsql.6\Enum.Bug.Npgsql.6.csproj", "{8F288B2F-7444-4726-878B-309503F5EB4B}"
EndProject
Project("{FAE04EC0-301F-11D3-BF4B-00C04F79EFBC}") = "Enum.Bug.Npgsql.5", "Enum.Bug.Npgsql.5\Enum.Bug.Npgsql.5.csproj", "{E37A335B-B9B6-4977-B8AD-356A4A44ACA4}"
EndProject
Global
	GlobalSection(SolutionConfigurationPlatforms) = preSolution
		Debug|Any CPU = Debug|Any CPU
		Release|Any CPU = Release|Any CPU
	EndGlobalSection
	GlobalSection(ProjectConfigurationPlatforms) = postSolution
		{8F288B2F-7444-4726-878B-309503F5EB4B}.Debug|Any CPU.ActiveCfg = Debug|Any CPU
		{8F288B2F-7444-4726-878B-309503F5EB4B}.Debug|Any CPU.Build.0 = Debug|Any CPU
		{8F288B2F-7444-4726-878B-309503F5EB4B}.Release|Any CPU.ActiveCfg = Release|Any CPU
		{8F288B2F-7444-4726-878B-309503F5EB4B}.Release|Any CPU.Build.0 = Release|Any CPU
		{E37A335B-B9B6-4977-B8AD-356A4A44ACA4}.Debug|Any CPU.ActiveCfg = Debug|Any CPU
		{E37A335B-B9B6-4977-B8AD-356A4A44ACA4}.Debug|Any CPU.Build.0 = Debug|Any CPU
		{E37A335B-B9B6-4977-B8AD-356A4A44ACA4}.Release|Any CPU.ActiveCfg = Release|Any CPU
		{E37A335B-B9B6-4977-B8AD-356A4A44ACA4}.Release|Any CPU.Build.0 = Release|Any CPU
	EndGlobalSection
	GlobalSection(SolutionProperties) = preSolution
		HideSolutionNode = FALSE
	EndGlobalSection
	GlobalSection(ExtensibilityGlobals) = postSolution
		SolutionGuid = {70DC78E6-2AF4-44F9-B67E-7B50F5FC55C4}
	EndGlobalSection
EndGlobal
